
Microsoft Visual Studio Solution File, Format Version 12.00
# Visual Studio Version 16
VisualStudioVersion = 16.0.30330.147
MinimumVisualStudioVersion = 10.0.40219.1
Project("{FAE04EC0-301F-11D3-BF4B-00C04F79EFBC}") = "WinFormTool", "WinFormTool\WinFormTool.csproj", "{96B7B68E-10EF-4F20-974D-5653719CBC47}"
EndProject
Global
	GlobalSection(SolutionConfigurationPlatforms) = preSolution
		Debug|Any CPU = Debug|Any CPU
		Release|Any CPU = Release|Any CPU
	EndGlobalSection
	GlobalSection(ProjectConfigurationPlatforms) = postSolution
		{96B7B68E-10EF-4F20-974D-5653719CBC47}.Debug|Any CPU.ActiveCfg = Debug|Any CPU
		{96B7B68E-10EF-4F20-974D-5653719CBC47}.Debug|Any CPU.Build.0 = Debug|Any CPU
		{96B7B68E-10EF-4F20-974D-5653719CBC47}.Release|Any CPU.ActiveCfg = Release|Any CPU
		{96B7B68E-10EF-4F20-974D-5653719CBC47}.Release|Any CPU.Build.0 = Release|Any CPU
	EndGlobalSection
	GlobalSection(SolutionProperties) = preSolution
		HideSolutionNode = FALSE
	EndGlobalSection
	GlobalSection(ExtensibilityGlobals) = postSolution
		SolutionGuid = {5182FE31-08B6-4836-8881-92ACE04AA3FC}
	EndGlobalSection
EndGlobal
